
Microsoft Visual Studio Solution File, Format Version 12.00
# Visual Studio Version 17
VisualStudioVersion = 17.0.32112.339
MinimumVisualStudioVersion = 10.0.40219.1
Project("{9A19103F-16F7-4668-BE54-9A1E7A4F7556}") = "BlazzorEcommerce.Server", "BlazzorEcommerce\Server\BlazzorEcommerce.Server.csproj", "{115D1720-D54A-46F4-97DE-1B0AC4EF6B5F}"
EndProject
Project("{9A19103F-16F7-4668-BE54-9A1E7A4F7556}") = "BlazzorEcommerce.Client", "BlazzorEcommerce\Client\BlazzorEcommerce.Client.csproj", "{88B042E9-AF52-4A69-883F-EABFBCD5F426}"
EndProject
Project("{9A19103F-16F7-4668-BE54-9A1E7A4F7556}") = "BlazzorEcommerce.Shared", "BlazzorEcommerce\Shared\BlazzorEcommerce.Shared.csproj", "{3BC26BB7-CAA9-41A0-A7DF-11407BBE7999}"
EndProject
Global
	GlobalSection(SolutionConfigurationPlatforms) = preSolution
		Debug|Any CPU = Debug|Any CPU
		Release|Any CPU = Release|Any CPU
	EndGlobalSection
	GlobalSection(ProjectConfigurationPlatforms) = postSolution
		{115D1720-D54A-46F4-97DE-1B0AC4EF6B5F}.Debug|Any CPU.ActiveCfg = Debug|Any CPU
		{115D1720-D54A-46F4-97DE-1B0AC4EF6B5F}.Debug|Any CPU.Build.0 = Debug|Any CPU
		{115D1720-D54A-46F4-97DE-1B0AC4EF6B5F}.Release|Any CPU.ActiveCfg = Release|Any CPU
		{115D1720-D54A-46F4-97DE-1B0AC4EF6B5F}.Release|Any CPU.Build.0 = Release|Any CPU
		{88B042E9-AF52-4A69-883F-EABFBCD5F426}.Debug|Any CPU.ActiveCfg = Debug|Any CPU
		{88B042E9-AF52-4A69-883F-EABFBCD5F426}.Debug|Any CPU.Build.0 = Debug|Any CPU
		{88B042E9-AF52-4A69-883F-EABFBCD5F426}.Release|Any CPU.ActiveCfg = Release|Any CPU
		{88B042E9-AF52-4A69-883F-EABFBCD5F426}.Release|Any CPU.Build.0 = Release|Any CPU
		{3BC26BB7-CAA9-41A0-A7DF-11407BBE7999}.Debug|Any CPU.ActiveCfg = Debug|Any CPU
		{3BC26BB7-CAA9-41A0-A7DF-11407BBE7999}.Debug|Any CPU.Build.0 = Debug|Any CPU
		{3BC26BB7-CAA9-41A0-A7DF-11407BBE7999}.Release|Any CPU.ActiveCfg = Release|Any CPU
		{3BC26BB7-CAA9-41A0-A7DF-11407BBE7999}.Release|Any CPU.Build.0 = Release|Any CPU
	EndGlobalSection
	GlobalSection(SolutionProperties) = preSolution
		HideSolutionNode = FALSE
	EndGlobalSection
	GlobalSection(ExtensibilityGlobals) = postSolution
		SolutionGuid = {4A4A6E02-6950-422A-B272-2201801AB8B3}
	EndGlobalSection
EndGlobal
